
Microsoft Visual Studio Solution File, Format Version 12.00
# Visual Studio Version 17
VisualStudioVersion = 17.3.32825.248
MinimumVisualStudioVersion = 10.0.40219.1
Project("{FAE04EC0-301F-11D3-BF4B-00C04F79EFBC}") = "Es1309", "Es1309\Es1309.csproj", "{0C53735F-7554-433A-8EB6-49A786E3406F}"
EndProject
Global
	GlobalSection(SolutionConfigurationPlatforms) = preSolution
		Debug|Any CPU = Debug|Any CPU
		Release|Any CPU = Release|Any CPU
	EndGlobalSection
	GlobalSection(ProjectConfigurationPlatforms) = postSolution
		{0C53735F-7554-433A-8EB6-49A786E3406F}.Debug|Any CPU.ActiveCfg = Debug|Any CPU
		{0C53735F-7554-433A-8EB6-49A786E3406F}.Debug|Any CPU.Build.0 = Debug|Any CPU
		{0C53735F-7554-433A-8EB6-49A786E3406F}.Release|Any CPU.ActiveCfg = Release|Any CPU
		{0C53735F-7554-433A-8EB6-49A786E3406F}.Release|Any CPU.Build.0 = Release|Any CPU
	EndGlobalSection
	GlobalSection(SolutionProperties) = preSolution
		HideSolutionNode = FALSE
	EndGlobalSection
	GlobalSection(ExtensibilityGlobals) = postSolution
		SolutionGuid = {9263925C-582C-45E6-B290-C506CFC0AA03}
	EndGlobalSection
EndGlobal
