
Microsoft Visual Studio Solution File, Format Version 12.00
# Visual Studio Version 16
VisualStudioVersion = 16.0.33130.400
MinimumVisualStudioVersion = 10.0.40219.1
Project("{FAE04EC0-301F-11D3-BF4B-00C04F79EFBC}") = "Es0118", "Es0118\Es0118.csproj", "{5AF0F53A-6BC1-4F31-8754-908D595874C8}"
EndProject
Global
	GlobalSection(SolutionConfigurationPlatforms) = preSolution
		Debug|Any CPU = Debug|Any CPU
		Release|Any CPU = Release|Any CPU
	EndGlobalSection
	GlobalSection(ProjectConfigurationPlatforms) = postSolution
		{5AF0F53A-6BC1-4F31-8754-908D595874C8}.Debug|Any CPU.ActiveCfg = Debug|Any CPU
		{5AF0F53A-6BC1-4F31-8754-908D595874C8}.Debug|Any CPU.Build.0 = Debug|Any CPU
		{5AF0F53A-6BC1-4F31-8754-908D595874C8}.Release|Any CPU.ActiveCfg = Release|Any CPU
		{5AF0F53A-6BC1-4F31-8754-908D595874C8}.Release|Any CPU.Build.0 = Release|Any CPU
	EndGlobalSection
	GlobalSection(SolutionProperties) = preSolution
		HideSolutionNode = FALSE
	EndGlobalSection
	GlobalSection(ExtensibilityGlobals) = postSolution
		SolutionGuid = {C3A8C8E5-2924-490F-B60F-C9A052ED2450}
	EndGlobalSection
EndGlobal
