
Microsoft Visual Studio Solution File, Format Version 12.00
# Visual Studio Version 16
VisualStudioVersion = 16.0.32901.82
MinimumVisualStudioVersion = 10.0.40219.1
Project("{FAE04EC0-301F-11D3-BF4B-00C04F79EFBC}") = "Es0510", "Es0510\Es0510.csproj", "{ABC59197-6F4D-4926-AFF3-85D4FED66CA7}"
EndProject
Global
	GlobalSection(SolutionConfigurationPlatforms) = preSolution
		Debug|Any CPU = Debug|Any CPU
		Release|Any CPU = Release|Any CPU
	EndGlobalSection
	GlobalSection(ProjectConfigurationPlatforms) = postSolution
		{ABC59197-6F4D-4926-AFF3-85D4FED66CA7}.Debug|Any CPU.ActiveCfg = Debug|Any CPU
		{ABC59197-6F4D-4926-AFF3-85D4FED66CA7}.Debug|Any CPU.Build.0 = Debug|Any CPU
		{ABC59197-6F4D-4926-AFF3-85D4FED66CA7}.Release|Any CPU.ActiveCfg = Release|Any CPU
		{ABC59197-6F4D-4926-AFF3-85D4FED66CA7}.Release|Any CPU.Build.0 = Release|Any CPU
	EndGlobalSection
	GlobalSection(SolutionProperties) = preSolution
		HideSolutionNode = FALSE
	EndGlobalSection
	GlobalSection(ExtensibilityGlobals) = postSolution
		SolutionGuid = {DCAAC627-0D66-4732-AEA4-432F62841B15}
	EndGlobalSection
EndGlobal
