
Microsoft Visual Studio Solution File, Format Version 12.00
# Visual Studio Version 16
VisualStudioVersion = 16.0.32901.82
MinimumVisualStudioVersion = 10.0.40219.1
Project("{FAE04EC0-301F-11D3-BF4B-00C04F79EFBC}") = "Es1220", "Es2012\Es1220.csproj", "{CEB6C4CF-BE57-4790-8F42-8465347BB8BA}"
EndProject
Global
	GlobalSection(SolutionConfigurationPlatforms) = preSolution
		Debug|Any CPU = Debug|Any CPU
		Release|Any CPU = Release|Any CPU
	EndGlobalSection
	GlobalSection(ProjectConfigurationPlatforms) = postSolution
		{CEB6C4CF-BE57-4790-8F42-8465347BB8BA}.Debug|Any CPU.ActiveCfg = Debug|Any CPU
		{CEB6C4CF-BE57-4790-8F42-8465347BB8BA}.Debug|Any CPU.Build.0 = Debug|Any CPU
		{CEB6C4CF-BE57-4790-8F42-8465347BB8BA}.Release|Any CPU.ActiveCfg = Release|Any CPU
		{CEB6C4CF-BE57-4790-8F42-8465347BB8BA}.Release|Any CPU.Build.0 = Release|Any CPU
	EndGlobalSection
	GlobalSection(SolutionProperties) = preSolution
		HideSolutionNode = FALSE
	EndGlobalSection
	GlobalSection(ExtensibilityGlobals) = postSolution
		SolutionGuid = {41C1EB6C-4BFB-4CAB-9F70-38F154AD2BA5}
	EndGlobalSection
EndGlobal
