
Microsoft Visual Studio Solution File, Format Version 12.00
# Visual Studio Version 16
VisualStudioVersion = 16.0.32901.82
MinimumVisualStudioVersion = 10.0.40219.1
Project("{FAE04EC0-301F-11D3-BF4B-00C04F79EFBC}") = "Es1128", "Es1128\Es1128.csproj", "{1012D070-1B47-4D8D-97B9-F81B4F1212E3}"
EndProject
Global
	GlobalSection(SolutionConfigurationPlatforms) = preSolution
		Debug|Any CPU = Debug|Any CPU
		Release|Any CPU = Release|Any CPU
	EndGlobalSection
	GlobalSection(ProjectConfigurationPlatforms) = postSolution
		{1012D070-1B47-4D8D-97B9-F81B4F1212E3}.Debug|Any CPU.ActiveCfg = Debug|Any CPU
		{1012D070-1B47-4D8D-97B9-F81B4F1212E3}.Debug|Any CPU.Build.0 = Debug|Any CPU
		{1012D070-1B47-4D8D-97B9-F81B4F1212E3}.Release|Any CPU.ActiveCfg = Release|Any CPU
		{1012D070-1B47-4D8D-97B9-F81B4F1212E3}.Release|Any CPU.Build.0 = Release|Any CPU
	EndGlobalSection
	GlobalSection(SolutionProperties) = preSolution
		HideSolutionNode = FALSE
	EndGlobalSection
	GlobalSection(ExtensibilityGlobals) = postSolution
		SolutionGuid = {C8485175-B675-4AD7-9BB8-92CA37434E78}
	EndGlobalSection
EndGlobal
