
Microsoft Visual Studio Solution File, Format Version 12.00
# Visual Studio Version 16
VisualStudioVersion = 16.0.33328.57
MinimumVisualStudioVersion = 10.0.40219.1
Project("{FAE04EC0-301F-11D3-BF4B-00C04F79EFBC}") = "Es0321-Form", "Es0321-Form\Es0321-Form.csproj", "{34A17A5D-498A-421F-B921-7F4CD793EA8E}"
EndProject
Global
	GlobalSection(SolutionConfigurationPlatforms) = preSolution
		Debug|Any CPU = Debug|Any CPU
		Release|Any CPU = Release|Any CPU
	EndGlobalSection
	GlobalSection(ProjectConfigurationPlatforms) = postSolution
		{34A17A5D-498A-421F-B921-7F4CD793EA8E}.Debug|Any CPU.ActiveCfg = Debug|Any CPU
		{34A17A5D-498A-421F-B921-7F4CD793EA8E}.Debug|Any CPU.Build.0 = Debug|Any CPU
		{34A17A5D-498A-421F-B921-7F4CD793EA8E}.Release|Any CPU.ActiveCfg = Release|Any CPU
		{34A17A5D-498A-421F-B921-7F4CD793EA8E}.Release|Any CPU.Build.0 = Release|Any CPU
	EndGlobalSection
	GlobalSection(SolutionProperties) = preSolution
		HideSolutionNode = FALSE
	EndGlobalSection
	GlobalSection(ExtensibilityGlobals) = postSolution
		SolutionGuid = {56E2D812-321E-46F3-957E-ABFE8AB4249E}
	EndGlobalSection
EndGlobal
