
Microsoft Visual Studio Solution File, Format Version 12.00
# Visual Studio Version 16
VisualStudioVersion = 16.0.32901.82
MinimumVisualStudioVersion = 10.0.40219.1
Project("{FAE04EC0-301F-11D3-BF4B-00C04F79EFBC}") = "CasarottoVideogiochi", "CasarottoVideogiochi\CasarottoVideogiochi.csproj", "{47B571AE-7906-48CB-9B85-EFDA439A23AD}"
EndProject
Global
	GlobalSection(SolutionConfigurationPlatforms) = preSolution
		Debug|Any CPU = Debug|Any CPU
		Release|Any CPU = Release|Any CPU
	EndGlobalSection
	GlobalSection(ProjectConfigurationPlatforms) = postSolution
		{47B571AE-7906-48CB-9B85-EFDA439A23AD}.Debug|Any CPU.ActiveCfg = Debug|Any CPU
		{47B571AE-7906-48CB-9B85-EFDA439A23AD}.Debug|Any CPU.Build.0 = Debug|Any CPU
		{47B571AE-7906-48CB-9B85-EFDA439A23AD}.Release|Any CPU.ActiveCfg = Release|Any CPU
		{47B571AE-7906-48CB-9B85-EFDA439A23AD}.Release|Any CPU.Build.0 = Release|Any CPU
	EndGlobalSection
	GlobalSection(SolutionProperties) = preSolution
		HideSolutionNode = FALSE
	EndGlobalSection
	GlobalSection(ExtensibilityGlobals) = postSolution
		SolutionGuid = {085A1AF0-1682-47BA-B5AB-8593C2B9ED05}
	EndGlobalSection
EndGlobal
