
Microsoft Visual Studio Solution File, Format Version 12.00
# Visual Studio Version 16
VisualStudioVersion = 16.0.33130.400
MinimumVisualStudioVersion = 10.0.40219.1
Project("{FAE04EC0-301F-11D3-BF4B-00C04F79EFBC}") = "Es0117", "Es0117\Es0117.csproj", "{4662A0F7-EDB4-4D6A-9A2E-F8B81E480CA8}"
EndProject
Global
	GlobalSection(SolutionConfigurationPlatforms) = preSolution
		Debug|Any CPU = Debug|Any CPU
		Release|Any CPU = Release|Any CPU
	EndGlobalSection
	GlobalSection(ProjectConfigurationPlatforms) = postSolution
		{4662A0F7-EDB4-4D6A-9A2E-F8B81E480CA8}.Debug|Any CPU.ActiveCfg = Debug|Any CPU
		{4662A0F7-EDB4-4D6A-9A2E-F8B81E480CA8}.Debug|Any CPU.Build.0 = Debug|Any CPU
		{4662A0F7-EDB4-4D6A-9A2E-F8B81E480CA8}.Release|Any CPU.ActiveCfg = Release|Any CPU
		{4662A0F7-EDB4-4D6A-9A2E-F8B81E480CA8}.Release|Any CPU.Build.0 = Release|Any CPU
	EndGlobalSection
	GlobalSection(SolutionProperties) = preSolution
		HideSolutionNode = FALSE
	EndGlobalSection
	GlobalSection(ExtensibilityGlobals) = postSolution
		SolutionGuid = {9DC147C1-F5A2-4564-9D6F-D4957BEB8F1B}
	EndGlobalSection
EndGlobal
