
Microsoft Visual Studio Solution File, Format Version 12.00
# Visual Studio Version 16
VisualStudioVersion = 16.0.810.25
MinimumVisualStudioVersion = 10.0.40219.1
Project("{FAE04EC0-301F-11D3-BF4B-00C04F79EFBC}") = "Es0318", "Es0318\Es0318.csproj", "{4EE2EB32-4FE4-44B0-84B7-42AAB5947CE0}"
EndProject
Global
	GlobalSection(SolutionConfigurationPlatforms) = preSolution
		Debug|anycpu = Debug|anycpu
		Release|anycpu = Release|anycpu
	EndGlobalSection
	GlobalSection(ProjectConfigurationPlatforms) = postSolution
		{4EE2EB32-4FE4-44B0-84B7-42AAB5947CE0}.Debug|anycpu.ActiveCfg = Debug|anycpu
		{4EE2EB32-4FE4-44B0-84B7-42AAB5947CE0}.Debug|anycpu.Build.0 = Debug|anycpu
		{4EE2EB32-4FE4-44B0-84B7-42AAB5947CE0}.Release|anycpu.ActiveCfg = Release|anycpu
		{4EE2EB32-4FE4-44B0-84B7-42AAB5947CE0}.Release|anycpu.Build.0 = Release|anycpu
	EndGlobalSection
	GlobalSection(SolutionProperties) = preSolution
		HideSolutionNode = FALSE
	EndGlobalSection
	GlobalSection(ExtensibilityGlobals) = postSolution
		SolutionGuid = {A5C393B0-DAE2-4ECF-8CCC-852E29E81F8C}
	EndGlobalSection
EndGlobal
