
Microsoft Visual Studio Solution File, Format Version 12.00
# Visual Studio Version 16
VisualStudioVersion = 16.0.32510.428
MinimumVisualStudioVersion = 10.0.40219.1
Project("{FAE04EC0-301F-11D3-BF4B-00C04F79EFBC}") = "Algoritmi_ricorsivi", "Algoritmi_ricorsivi\Algoritmi_ricorsivi.csproj", "{1C2CE3D3-5BA4-4964-8105-B6EFF244EEB0}"
EndProject
Global
	GlobalSection(SolutionConfigurationPlatforms) = preSolution
		Debug|Any CPU = Debug|Any CPU
		Release|Any CPU = Release|Any CPU
	EndGlobalSection
	GlobalSection(ProjectConfigurationPlatforms) = postSolution
		{1C2CE3D3-5BA4-4964-8105-B6EFF244EEB0}.Debug|Any CPU.ActiveCfg = Debug|Any CPU
		{1C2CE3D3-5BA4-4964-8105-B6EFF244EEB0}.Debug|Any CPU.Build.0 = Debug|Any CPU
		{1C2CE3D3-5BA4-4964-8105-B6EFF244EEB0}.Release|Any CPU.ActiveCfg = Release|Any CPU
		{1C2CE3D3-5BA4-4964-8105-B6EFF244EEB0}.Release|Any CPU.Build.0 = Release|Any CPU
	EndGlobalSection
	GlobalSection(SolutionProperties) = preSolution
		HideSolutionNode = FALSE
	EndGlobalSection
	GlobalSection(ExtensibilityGlobals) = postSolution
		SolutionGuid = {7127D247-30C4-4A57-ADAA-A38611604410}
	EndGlobalSection
EndGlobal
