
Microsoft Visual Studio Solution File, Format Version 12.00
# Visual Studio Version 17
VisualStudioVersion = 17.1.32421.90
MinimumVisualStudioVersion = 10.0.40219.1
Project("{FAE04EC0-301F-11D3-BF4B-00C04F79EFBC}") = "TestExercise", "TestExercise\TestExercise.csproj", "{08EEDA90-ACB0-4DC9-A7BB-E53865344356}"
EndProject
Global
	GlobalSection(SolutionConfigurationPlatforms) = preSolution
		Debug|Any CPU = Debug|Any CPU
		Release|Any CPU = Release|Any CPU
	EndGlobalSection
	GlobalSection(ProjectConfigurationPlatforms) = postSolution
		{08EEDA90-ACB0-4DC9-A7BB-E53865344356}.Debug|Any CPU.ActiveCfg = Debug|Any CPU
		{08EEDA90-ACB0-4DC9-A7BB-E53865344356}.Debug|Any CPU.Build.0 = Debug|Any CPU
		{08EEDA90-ACB0-4DC9-A7BB-E53865344356}.Release|Any CPU.ActiveCfg = Release|Any CPU
		{08EEDA90-ACB0-4DC9-A7BB-E53865344356}.Release|Any CPU.Build.0 = Release|Any CPU
	EndGlobalSection
	GlobalSection(SolutionProperties) = preSolution
		HideSolutionNode = FALSE
	EndGlobalSection
	GlobalSection(ExtensibilityGlobals) = postSolution
		SolutionGuid = {E7F95CDE-9B62-4879-9F0F-81A5E4B0DDEF}
	EndGlobalSection
EndGlobal
