
Microsoft Visual Studio Solution File, Format Version 12.00
# Visual Studio Version 17
VisualStudioVersion = 17.1.32421.90
MinimumVisualStudioVersion = 10.0.40219.1
Project("{FAE04EC0-301F-11D3-BF4B-00C04F79EFBC}") = "Es1805", "Es1805\Es1805.csproj", "{1FFC5967-4ACB-4F97-8C8F-F6EF58665BDA}"
EndProject
Global
	GlobalSection(SolutionConfigurationPlatforms) = preSolution
		Debug|Any CPU = Debug|Any CPU
		Release|Any CPU = Release|Any CPU
	EndGlobalSection
	GlobalSection(ProjectConfigurationPlatforms) = postSolution
		{1FFC5967-4ACB-4F97-8C8F-F6EF58665BDA}.Debug|Any CPU.ActiveCfg = Debug|Any CPU
		{1FFC5967-4ACB-4F97-8C8F-F6EF58665BDA}.Debug|Any CPU.Build.0 = Debug|Any CPU
		{1FFC5967-4ACB-4F97-8C8F-F6EF58665BDA}.Release|Any CPU.ActiveCfg = Release|Any CPU
		{1FFC5967-4ACB-4F97-8C8F-F6EF58665BDA}.Release|Any CPU.Build.0 = Release|Any CPU
	EndGlobalSection
	GlobalSection(SolutionProperties) = preSolution
		HideSolutionNode = FALSE
	EndGlobalSection
	GlobalSection(ExtensibilityGlobals) = postSolution
		SolutionGuid = {4D4D6914-BF3F-4142-A303-BC4BA2F15A59}
	EndGlobalSection
EndGlobal
