
Microsoft Visual Studio Solution File, Format Version 12.00
# Visual Studio Version 16
VisualStudioVersion = 16.0.33130.400
MinimumVisualStudioVersion = 10.0.40219.1
Project("{FAE04EC0-301F-11D3-BF4B-00C04F79EFBC}") = "Es0118C", "Es0118C\Es0118C.csproj", "{2AD1DD53-42DE-4EAF-934E-19107BA38013}"
EndProject
Global
	GlobalSection(SolutionConfigurationPlatforms) = preSolution
		Debug|Any CPU = Debug|Any CPU
		Release|Any CPU = Release|Any CPU
	EndGlobalSection
	GlobalSection(ProjectConfigurationPlatforms) = postSolution
		{2AD1DD53-42DE-4EAF-934E-19107BA38013}.Debug|Any CPU.ActiveCfg = Debug|Any CPU
		{2AD1DD53-42DE-4EAF-934E-19107BA38013}.Debug|Any CPU.Build.0 = Debug|Any CPU
		{2AD1DD53-42DE-4EAF-934E-19107BA38013}.Release|Any CPU.ActiveCfg = Release|Any CPU
		{2AD1DD53-42DE-4EAF-934E-19107BA38013}.Release|Any CPU.Build.0 = Release|Any CPU
	EndGlobalSection
	GlobalSection(SolutionProperties) = preSolution
		HideSolutionNode = FALSE
	EndGlobalSection
	GlobalSection(ExtensibilityGlobals) = postSolution
		SolutionGuid = {1B838E3E-AE1E-47EF-89DD-406A67C520B9}
	EndGlobalSection
EndGlobal
