
Microsoft Visual Studio Solution File, Format Version 12.00
# Visual Studio Version 16
VisualStudioVersion = 16.0.31515.178
MinimumVisualStudioVersion = 10.0.40219.1
Project("{FAE04EC0-301F-11D3-BF4B-00C04F79EFBC}") = "Es0127", "Es0127\Es0127.csproj", "{6B881DE5-D899-4AE4-8FBB-9716F84C18E9}"
EndProject
Global
	GlobalSection(SolutionConfigurationPlatforms) = preSolution
		Debug|Any CPU = Debug|Any CPU
		Release|Any CPU = Release|Any CPU
	EndGlobalSection
	GlobalSection(ProjectConfigurationPlatforms) = postSolution
		{6B881DE5-D899-4AE4-8FBB-9716F84C18E9}.Debug|Any CPU.ActiveCfg = Debug|Any CPU
		{6B881DE5-D899-4AE4-8FBB-9716F84C18E9}.Debug|Any CPU.Build.0 = Debug|Any CPU
		{6B881DE5-D899-4AE4-8FBB-9716F84C18E9}.Release|Any CPU.ActiveCfg = Release|Any CPU
		{6B881DE5-D899-4AE4-8FBB-9716F84C18E9}.Release|Any CPU.Build.0 = Release|Any CPU
	EndGlobalSection
	GlobalSection(SolutionProperties) = preSolution
		HideSolutionNode = FALSE
	EndGlobalSection
	GlobalSection(ExtensibilityGlobals) = postSolution
		SolutionGuid = {D2447080-C5DD-40B1-B1A4-8AAC2523F67A}
	EndGlobalSection
EndGlobal
