
Microsoft Visual Studio Solution File, Format Version 12.00
# Visual Studio Version 16
VisualStudioVersion = 16.0.810.25
MinimumVisualStudioVersion = 10.0.40219.1
Project("{FAE04EC0-301F-11D3-BF4B-00C04F79EFBC}") = "Es0315", "Es0315\Es0315.csproj", "{66068525-4F90-4765-A827-E0964C43C966}"
EndProject
Global
	GlobalSection(SolutionConfigurationPlatforms) = preSolution
		Debug|anycpu = Debug|anycpu
		Release|anycpu = Release|anycpu
	EndGlobalSection
	GlobalSection(ProjectConfigurationPlatforms) = postSolution
		{66068525-4F90-4765-A827-E0964C43C966}.Debug|anycpu.ActiveCfg = Debug|anycpu
		{66068525-4F90-4765-A827-E0964C43C966}.Debug|anycpu.Build.0 = Debug|anycpu
		{66068525-4F90-4765-A827-E0964C43C966}.Release|anycpu.ActiveCfg = Release|anycpu
		{66068525-4F90-4765-A827-E0964C43C966}.Release|anycpu.Build.0 = Release|anycpu
	EndGlobalSection
	GlobalSection(SolutionProperties) = preSolution
		HideSolutionNode = FALSE
	EndGlobalSection
	GlobalSection(ExtensibilityGlobals) = postSolution
		SolutionGuid = {34CCAA0A-477A-4D28-BB42-4FC7291EABC8}
	EndGlobalSection
EndGlobal
