
Microsoft Visual Studio Solution File, Format Version 12.00
# Visual Studio Version 16
VisualStudioVersion = 16.0.33130.400
MinimumVisualStudioVersion = 10.0.40219.1
Project("{FAE04EC0-301F-11D3-BF4B-00C04F79EFBC}") = "Es0130", "Es0130\Es0130.csproj", "{0EE18CB9-BA6E-43A4-8F34-39CB7074D1BF}"
EndProject
Global
	GlobalSection(SolutionConfigurationPlatforms) = preSolution
		Debug|Any CPU = Debug|Any CPU
		Release|Any CPU = Release|Any CPU
	EndGlobalSection
	GlobalSection(ProjectConfigurationPlatforms) = postSolution
		{0EE18CB9-BA6E-43A4-8F34-39CB7074D1BF}.Debug|Any CPU.ActiveCfg = Debug|Any CPU
		{0EE18CB9-BA6E-43A4-8F34-39CB7074D1BF}.Debug|Any CPU.Build.0 = Debug|Any CPU
		{0EE18CB9-BA6E-43A4-8F34-39CB7074D1BF}.Release|Any CPU.ActiveCfg = Release|Any CPU
		{0EE18CB9-BA6E-43A4-8F34-39CB7074D1BF}.Release|Any CPU.Build.0 = Release|Any CPU
	EndGlobalSection
	GlobalSection(SolutionProperties) = preSolution
		HideSolutionNode = FALSE
	EndGlobalSection
	GlobalSection(ExtensibilityGlobals) = postSolution
		SolutionGuid = {2B51CC76-686E-4124-BA51-D5B6166C7A6C}
	EndGlobalSection
EndGlobal
