
Microsoft Visual Studio Solution File, Format Version 12.00
# Visual Studio Version 17
VisualStudioVersion = 17.3.32825.248
MinimumVisualStudioVersion = 10.0.40219.1
Project("{FAE04EC0-301F-11D3-BF4B-00C04F79EFBC}") = "Es1509", "Es1509\Es1509.csproj", "{597EA950-6E23-4CB8-AEB9-1C1B5D0318D2}"
EndProject
Global
	GlobalSection(SolutionConfigurationPlatforms) = preSolution
		Debug|Any CPU = Debug|Any CPU
		Release|Any CPU = Release|Any CPU
	EndGlobalSection
	GlobalSection(ProjectConfigurationPlatforms) = postSolution
		{597EA950-6E23-4CB8-AEB9-1C1B5D0318D2}.Debug|Any CPU.ActiveCfg = Debug|Any CPU
		{597EA950-6E23-4CB8-AEB9-1C1B5D0318D2}.Debug|Any CPU.Build.0 = Debug|Any CPU
		{597EA950-6E23-4CB8-AEB9-1C1B5D0318D2}.Release|Any CPU.ActiveCfg = Release|Any CPU
		{597EA950-6E23-4CB8-AEB9-1C1B5D0318D2}.Release|Any CPU.Build.0 = Release|Any CPU
	EndGlobalSection
	GlobalSection(SolutionProperties) = preSolution
		HideSolutionNode = FALSE
	EndGlobalSection
	GlobalSection(ExtensibilityGlobals) = postSolution
		SolutionGuid = {BE586221-4A68-44A1-95BD-4B09567C2C89}
	EndGlobalSection
EndGlobal
